// !$*UTF8*$!
{
	archiveVersion = 1;
	classes = {
	};
	objectVersion = 46;
	objects = {

/* Begin PBXBuildFile section */
		899496681D56F293001F26FB /* main.m in Sources */ = {isa = PBXBuildFile; fileRef = 899496671D56F293001F26FB /* main.m */; };
		8994966B1D56F293001F26FB /* AppDelegate.m in Sources */ = {isa = PBXBuildFile; fileRef = 8994966A1D56F293001F26FB /* AppDelegate.m */; };
		8994966E1D56F293001F26FB /* ViewController.m in Sources */ = {isa = PBXBuildFile; fileRef = 8994966D1D56F293001F26FB /* ViewController.m */; };
		899496711D56F293001F26FB /* Main.storyboard in Resources */ = {isa = PBXBuildFile; fileRef = 8994966F1D56F293001F26FB /* Main.storyboard */; };
		899496731D56F293001F26FB /* Assets.xcassets in Resources */ = {isa = PBXBuildFile; fileRef = 899496721D56F293001F26FB /* Assets.xcassets */; };
		899496761D56F293001F26FB /* LaunchScreen.storyboard in Resources */ = {isa = PBXBuildFile; fileRef = 899496741D56F293001F26FB /* LaunchScreen.storyboard */; };
		E8E1B0C8980AE4CF21F13FED /* libPods-webProgress.a in Frameworks */ = {isa = PBXBuildFile; fileRef = 36CE940AAA656666E3873251 /* libPods-webProgress.a */; };
/* End PBXBuildFile section */

/* Begin PBXFileReference section */
		36CE940AAA656666E3873251 /* libPods-webProgress.a */ = {isa = PBXFileReference; explicitFileType = archive.ar; includeInIndex = 0; path = "libPods-webProgress.a"; sourceTree = BUILT_PRODUCTS_DIR; };
		899496631D56F293001F26FB /* webProgress.app */ = {isa = PBXFileReference; explicitFileType = wrapper.application; includeInIndex = 0; path = webProgress.app; sourceTree = BUILT_PRODUCTS_DIR; };
		899496671D56F293001F26FB /* main.m */ = {isa = PBXFileReference; lastKnownFileType = sourcecode.c.objc; path = main.m; sourceTree = "<group>"; };
		899496691D56F293001F26FB /* AppDelegate.h */ = {isa = PBXFileReference; lastKnownFileType = sourcecode.c.h; path = AppDelegate.h; sourceTree = "<group>"; };
		8994966A1D56F293001F26FB /* AppDelegate.m */ = {isa = PBXFileReference; lastKnownFileType = sourcecode.c.objc; path = AppDelegate.m; sourceTree = "<group>"; };
		8994966C1D56F293001F26FB /* ViewController.h */ = {isa = PBXFileReference; lastKnownFileType = sourcecode.c.h; path = ViewController.h; sourceTree = "<group>"; };
		8994966D1D56F293001F26FB /* ViewController.m */ = {isa = PBXFileReference; lastKnownFileType = sourcecode.c.objc; path = ViewController.m; sourceTree = "<group>"; };
		899496701D56F293001F26FB /* Base */ = {isa = PBXFileReference; lastKnownFileType = file.storyboard; name = Base; path = Base.lproj/Main.storyboard; sourceTree = "<group>"; };
		899496721D56F293001F26FB /* Assets.xcassets */ = {isa = PBXFileReference; lastKnownFileType = folder.assetcatalog; path = Assets.xcassets; sourceTree = "<group>"; };
		899496751D56F293001F26FB /* Base */ = {isa = PBXFileReference; lastKnownFileType = file.storyboard; name = Base; path = Base.lproj/LaunchScreen.storyboard; sourceTree = "<group>"; };
		899496771D56F293001F26FB /* Info.plist */ = {isa = PBXFileReference; lastKnownFileType = text.plist.xml; path = Info.plist; sourceTree = "<group>"; };
		8D1B14219B17548C8DCE8C0C /* Pods-webProgress.release.xcconfig */ = {isa = PBXFileReference; includeInIndex = 1; lastKnownFileType = text.xcconfig; name = "Pods-webProgress.release.xcconfig"; path = "Pods/Target Support Files/Pods-webProgress/Pods-webProgress.release.xcconfig"; sourceTree = "<group>"; };
		8DF88F02F8D2D3D5F4357569 /* Pods-webProgress.debug.xcconfig */ = {isa = PBXFileReference; includeInIndex = 1; lastKnownFileType = text.xcconfig; name = "Pods-webProgress.debug.xcconfig"; path = "Pods/Target Support Files/Pods-webProgress/Pods-webProgress.debug.xcconfig"; sourceTree = "<group>"; };
/* End PBXFileReference section */

/* Begin PBXFrameworksBuildPhase section */
		899496601D56F293001F26FB /* Frameworks */ = {
			isa = PBXFrameworksBuildPhase;
			buildActionMask = 2147483647;
			files = (
				E8E1B0C8980AE4CF21F13FED /* libPods-webProgress.a in Frameworks */,
			);
			runOnlyForDeploymentPostprocessing = 0;
		};
/* End PBXFrameworksBuildPhase section */

/* Begin PBXGroup section */
		07E652542064E537C0791A32 /* Pods */ = {
			isa = PBXGroup;
			children = (
				8DF88F02F8D2D3D5F4357569 /* Pods-webProgress.debug.xcconfig */,
				8D1B14219B17548C8DCE8C0C /* Pods-webProgress.release.xcconfig */,
			);
			name = Pods;
			sourceTree = "<group>";
		};
		5791AA9A5AF11881821B0488 /* Frameworks */ = {
			isa = PBXGroup;
			children = (
				36CE940AAA656666E3873251 /* libPods-webProgress.a */,
			);
			name = Frameworks;
			sourceTree = "<group>";
		};
		8994965A1D56F292001F26FB = {
			isa = PBXGroup;
			children = (
				899496651D56F293001F26FB /* webProgress */,
				899496641D56F293001F26FB /* Products */,
				07E652542064E537C0791A32 /* Pods */,
				5791AA9A5AF11881821B0488 /* Frameworks */,
			);
			sourceTree = "<group>";
		};
		899496641D56F293001F26FB /* Products */ = {
			isa = PBXGroup;
			children = (
				899496631D56F293001F26FB /* webProgress.app */,
			);
			name = Products;
			sourceTree = "<group>";
		};
		899496651D56F293001F26FB /* webProgress */ = {
			isa = PBXGroup;
			children = (
				899496691D56F293001F26FB /* AppDelegate.h */,
				8994966A1D56F293001F26FB /* AppDelegate.m */,
				8994966C1D56F293001F26FB /* ViewController.h */,
				8994966D1D56F293001F26FB /* ViewController.m */,
				8994966F1D56F293001F26FB /* Main.storyboard */,
				899496721D56F293001F26FB /* Assets.xcassets */,
				899496741D56F293001F26FB /* LaunchScreen.storyboard */,
				899496771D56F293001F26FB /* Info.plist */,
				899496661D56F293001F26FB /* Supporting Files */,
			);
			path = webProgress;
			sourceTree = "<group>";
		};
		899496661D56F293001F26FB /* Supporting Files */ = {
			isa = PBXGroup;
			children = (
				899496671D56F293001F26FB /* main.m */,
			);
			name = "Supporting Files";
			sourceTree = "<group>";
		};
/* End PBXGroup section */

/* Begin PBXNativeTarget section */
		899496621D56F293001F26FB /* webProgress */ = {
			isa = PBXNativeTarget;
			buildConfigurationList = 8994967A1D56F293001F26FB /* Build configuration list for PBXNativeTarget "webProgress" */;
			buildPhases = (
				B7D5237BF9203D8C02D3C773 /* [CP] Check Pods Manifest.lock */,
				8994965F1D56F293001F26FB /* Sources */,
				899496601D56F293001F26FB /* Frameworks */,
				899496611D56F293001F26FB /* Resources */,
				D7F2319DA1220345F2085411 /* [CP] Embed Pods Frameworks */,
				7182C06549BD6D159C9A9DCF /* [CP] Copy Pods Resources */,
			);
			buildRules = (
			);
			dependencies = (
			);
			name = webProgress;
			productName = webProgress;
			productReference = 899496631D56F293001F26FB /* webProgress.app */;
			productType = "com.apple.product-type.application";
		};
/* End PBXNativeTarget section */

/* Begin PBXProject section */
		8994965B1D56F292001F26FB /* Project object */ = {
			isa = PBXProject;
			attributes = {
				LastUpgradeCheck = 0730;
				ORGANIZATIONNAME = csy;
				TargetAttributes = {
					899496621D56F293001F26FB = {
						CreatedOnToolsVersion = 7.3;
					};
				};
			};
			buildConfigurationList = 8994965E1D56F292001F26FB /* Build configuration list for PBXProject "webProgress" */;
			compatibilityVersion = "Xcode 3.2";
			developmentRegion = English;
			hasScannedForEncodings = 0;
			knownRegions = (
				en,
				Base,
			);
			mainGroup = 8994965A1D56F292001F26FB;
			productRefGroup = 899496641D56F293001F26FB /* Products */;
			projectDirPath = "";
			projectRoot = "";
			targets = (
				899496621D56F293001F26FB /* webProgress */,
			);
		};
/* End PBXProject section */

/* Begin PBXResourcesBuildPhase section */
		899496611D56F293001F26FB /* Resources */ = {
			isa = PBXResourcesBuildPhase;
			buildActionMask = 2147483647;
			files = (
				899496761D56F293001F26FB /* LaunchScreen.storyboard in Resources */,
				899496731D56F293001F26FB /* Assets.xcassets in Resources */,
				899496711D56F293001F26FB /* Main.storyboard in Resources */,
			);
			runOnlyForDeploymentPostprocessing = 0;
		};
/* End PBXResourcesBuildPhase section */

/* Begin PBXShellScriptBuildPhase section */
		7182C06549BD6D159C9A9DCF /* [CP] Copy Pods Resources */ = {
			isa = PBXShellScriptBuildPhase;
			buildActionMask = 2147483647;
			files = (
			);
			inputPaths = (
			);
			name = "[CP] Copy Pods Resources";
			outputPaths = (
			);
			runOnlyForDeploymentPostprocessing = 0;
			shellPath = /bin/sh;
			shellScript = "\"${SRCROOT}/Pods/Target Support Files/Pods-webProgress/Pods-webProgress-resources.sh\"\n";
			showEnvVarsInLog = 0;
		};
		B7D5237BF9203D8C02D3C773 /* [CP] Check Pods Manifest.lock */ = {
			isa = PBXShellScriptBuildPhase;
			buildActionMask = 2147483647;
			files = (
			);
			inputPaths = (
			);
			name = "[CP] Check Pods Manifest.lock";
			outputPaths = (
			);
			runOnlyForDeploymentPostprocessing = 0;
			shellPath = /bin/sh;
			shellScript = "diff \"${PODS_ROOT}/../Podfile.lock\" \"${PODS_ROOT}/Manifest.lock\" > /dev/null\nif [[ $? != 0 ]] ; then\n    cat << EOM\nerror: The sandbox is not in sync with the Podfile.lock. Run 'pod install' or update your CocoaPods installation.\nEOM\n    exit 1\nfi\n";
			showEnvVarsInLog = 0;
		};
		D7F2319DA1220345F2085411 /* [CP] Embed Pods Frameworks */ = {
			isa = PBXShellScriptBuildPhase;
			buildActionMask = 2147483647;
			files = (
			);
			inputPaths = (
			);
			name = "[CP] Embed Pods Frameworks";
			outputPaths = (
			);
			runOnlyForDeploymentPostprocessing = 0;
			shellPath = /bin/sh;
			shellScript = "\"${SRCROOT}/Pods/Target Support Files/Pods-webProgress/Pods-webProgress-frameworks.sh\"\n";
			showEnvVarsInLog = 0;
		};
/* End PBXShellScriptBuildPhase section */

/* Begin PBXSourcesBuildPhase section */
		8994965F1D56F293001F26FB /* Sources */ = {
			isa = PBXSourcesBuildPhase;
			buildActionMask = 2147483647;
			files = (
				8994966E1D56F293001F26FB /* ViewController.m in Sources */,
				8994966B1D56F293001F26FB /* AppDelegate.m in Sources */,
				899496681D56F293001F26FB /* main.m in Sources */,
			);
			runOnlyForDeploymentPostprocessing = 0;
		};
/* End PBXSourcesBuildPhase section */

/* Begin PBXVariantGroup section */
		8994966F1D56F293001F26FB /* Main.storyboard */ = {
			isa = PBXVariantGroup;
			children = (
				899496701D56F293001F26FB /* Base */,
			);
			name = Main.storyboard;
			sourceTree = "<group>";
		};
		899496741D56F293001F26FB /* LaunchScreen.storyboard */ = {
			isa = PBXVariantGroup;
			children = (
				899496751D56F293001F26FB /* Base */,
			);
			name = LaunchScreen.storyboard;
			sourceTree = "<group>";
		};
/* End PBXVariantGroup section */

/* Begin XCBuildConfiguration section */
		899496781D56F293001F26FB /* Debug */ = {
			isa = XCBuildConfiguration;
			buildSettings = {
				ALWAYS_SEARCH_USER_PATHS = NO;
				CLANG_ANALYZER_NONNULL = YES;
				CLANG_CXX_LANGUAGE_STANDARD = "gnu++0x";
				CLANG_CXX_LIBRARY = "libc++";
				CLANG_ENABLE_MODULES = YES;
				CLANG_ENABLE_OBJC_ARC = YES;
				CLANG_WARN_BOOL_CONVERSION = YES;
				CLANG_WARN_CONSTANT_CONVERSION = YES;
				CLANG_WARN_DIRECT_OBJC_ISA_USAGE = YES_ERROR;
				CLANG_WARN_EMPTY_BODY = YES;
				CLANG_WARN_ENUM_CONVERSION = YES;
				CLANG_WARN_INT_CONVERSION = YES;
				CLANG_WARN_OBJC_ROOT_CLASS = YES_ERROR;
				CLANG_WARN_UNREACHABLE_CODE = YES;
				CLANG_WARN__DUPLICATE_METHOD_MATCH = YES;
				"CODE_SIGN_IDENTITY[sdk=iphoneos*]" = "iPhone Developer";
				COPY_PHASE_STRIP = NO;
				DEBUG_INFORMATION_FORMAT = dwarf;
				ENABLE_STRICT_OBJC_MSGSEND = YES;
				ENABLE_TESTABILITY = YES;
				GCC_C_LANGUAGE_STANDARD = gnu99;
				GCC_DYNAMIC_NO_PIC = NO;
				GCC_NO_COMMON_BLOCKS = YES;
				GCC_OPTIMIZATION_LEVEL = 0;
				GCC_PREPROCESSOR_DEFINITIONS = (
					"DEBUG=1",
					"$(inherited)",
				);
				GCC_WARN_64_TO_32_BIT_CONVERSION = YES;
				GCC_WARN_ABOUT_RETURN_TYPE = YES_ERROR;
				GCC_WARN_UNDECLARED_SELECTOR = YES;
				GCC_WARN_UNINITIALIZED_AUTOS = YES_AGGRESSIVE;
				GCC_WARN_UNUSED_FUNCTION = YES;
				GCC_WARN_UNUSED_VARIABLE = YES;
				IPHONEOS_DEPLOYMENT_TARGET = 9.3;
				MTL_ENABLE_DEBUG_INFO = YES;
				ONLY_ACTIVE_ARCH = YES;
				SDKROOT = iphoneos;
				TARGETED_DEVICE_FAMILY = "1,2";
			};
			name = Debug;
		};
		899496791D56F293001F26FB /* Release */ = {
			isa = XCBuildConfiguration;
			buildSettings = {
				ALWAYS_SEARCH_USER_PATHS = NO;
				CLANG_ANALYZER_NONNULL = YES;
				CLANG_CXX_LANGUAGE_STANDARD = "gnu++0x";
				CLANG_CXX_LIBRARY = "libc++";
				CLANG_ENABLE_MODULES = YES;
				CLANG_ENABLE_OBJC_ARC = YES;
				CLANG_WARN_BOOL_CONVERSION = YES;
				CLANG_WARN_CONSTANT_CONVERSION = YES;
				CLANG_WARN_DIRECT_OBJC_ISA_USAGE = YES_ERROR;
				CLANG_WARN_EMPTY_BODY = YES;
				CLANG_WARN_ENUM_CONVERSION = YES;
				CLANG_WARN_INT_CONVERSION = YES;
				CLANG_WARN_OBJC_ROOT_CLASS = YES_ERROR;
				CLANG_WARN_UNREACHABLE_CODE = YES;
				CLANG_WARN__DUPLICATE_METHOD_MATCH = YES;
				"CODE_SIGN_IDENTITY[sdk=iphoneos*]" = "iPhone Developer";
				COPY_PHASE_STRIP = NO;
				DEBUG_INFORMATION_FORMAT = "dwarf-with-dsym";
				ENABLE_NS_ASSERTIONS = NO;
				ENABLE_STRICT_OBJC_MSGSEND = YES;
				GCC_C_LANGUAGE_STANDARD = gnu99;
				GCC_NO_COMMON_BLOCKS = YES;
				GCC_WARN_64_TO_32_BIT_CONVERSION = YES;
				GCC_WARN_ABOUT_RETURN_TYPE = YES_ERROR;
				GCC_WARN_UNDECLARED_SELECTOR = YES;
				GCC_WARN_UNINITIALIZED_AUTOS = YES_AGGRESSIVE;
				GCC_WARN_UNUSED_FUNCTION = YES;
				GCC_WARN_UNUSED_VARIABLE = YES;
				IPHONEOS_DEPLOYMENT_TARGET = 9.3;
				MTL_ENABLE_DEBUG_INFO = NO;
				SDKROOT = iphoneos;
				TARGETED_DEVICE_FAMILY = "1,2";
				VALIDATE_PRODUCT = YES;
			};
			name = Release;
		};
		8994967B1D56F293001F26FB /* Debug */ = {
			isa = XCBuildConfiguration;
			baseConfigurationReference = 8DF88F02F8D2D3D5F4357569 /* Pods-webProgress.debug.xcconfig */;
			buildSettings = {
				ASSETCATALOG_COMPILER_APPICON_NAME = AppIcon;
				INFOPLIST_FILE = webProgress/Info.plist;
				LD_RUNPATH_SEARCH_PATHS = "$(inherited) @executable_path/Frameworks";
				PRODUCT_BUNDLE_IDENTIFIER = camel.webProgress;
				PRODUCT_NAME = "$(TARGET_NAME)";
			};
			name = Debug;
		};
		8994967C1D56F293001F26FB /* Release */ = {
			isa = XCBuildConfiguration;
			baseConfigurationReference = 8D1B14219B17548C8DCE8C0C /* Pods-webProgress.release.xcconfig */;
			buildSettings = {
				ASSETCATALOG_COMPILER_APPICON_NAME = AppIcon;
				INFOPLIST_FILE = webProgress/Info.plist;
				LD_RUNPATH_SEARCH_PATHS = "$(inherited) @executable_path/Frameworks";
				PRODUCT_BUNDLE_IDENTIFIER = camel.webProgress;
				PRODUCT_NAME = "$(TARGET_NAME)";
			};
			name = Release;
		};
/* End XCBuildConfiguration section */

/* Begin XCConfigurationList section */
		8994965E1D56F292001F26FB /* Build configuration list for PBXProject "webProgress" */ = {
			isa = XCConfigurationList;
			buildConfigurations = (
				899496781D56F293001F26FB /* Debug */,
				899496791D56F293001F26FB /* Release */,
			);
			defaultConfigurationIsVisible = 0;
			defaultConfigurationName = Release;
		};
		8994967A1D56F293001F26FB /* Build configuration list for PBXNativeTarget "webProgress" */ = {
			isa = XCConfigurationList;
			buildConfigurations = (
				8994967B1D56F293001F26FB /* Debug */,
				8994967C1D56F293001F26FB /* Release */,
			);
			defaultConfigurationIsVisible = 0;
			defaultConfigurationName = Release;
		};
/* End XCConfigurationList section */
	};
	rootObject = 8994965B1D56F292001F26FB /* Project object */;
}
